
Microsoft Visual Studio Solution File, Format Version 12.00
Project("{FAE04EC0-301F-11D3-BF4B-00C04F79EFBC}") = "Game-Of-Bookss", "Game-Of-Bookss\Game-Of-Bookss.csproj", "{F4EC5B6E-E9BB-44CF-9CB1-DB2F34BAE116}"
EndProject
Global
	GlobalSection(SolutionConfigurationPlatforms) = preSolution
		Debug|Any CPU = Debug|Any CPU
		Release|Any CPU = Release|Any CPU
	EndGlobalSection
	GlobalSection(ProjectConfigurationPlatforms) = postSolution
		{F4EC5B6E-E9BB-44CF-9CB1-DB2F34BAE116}.Debug|Any CPU.ActiveCfg = Debug|Any CPU
		{F4EC5B6E-E9BB-44CF-9CB1-DB2F34BAE116}.Debug|Any CPU.Build.0 = Debug|Any CPU
		{F4EC5B6E-E9BB-44CF-9CB1-DB2F34BAE116}.Release|Any CPU.ActiveCfg = Release|Any CPU
		{F4EC5B6E-E9BB-44CF-9CB1-DB2F34BAE116}.Release|Any CPU.Build.0 = Release|Any CPU
	EndGlobalSection
EndGlobal
